
Microsoft Visual Studio Solution File, Format Version 12.00
# Visual Studio Version 16
VisualStudioVersion = 16.0.32106.194
MinimumVisualStudioVersion = 10.0.40219.1
Project("{FAE04EC0-301F-11D3-BF4B-00C04F79EFBC}") = "eTickets", "eTickets.csproj", "{4C02C4AF-9032-495B-997B-1D1CCB024C90}"
EndProject
Global
	GlobalSection(SolutionConfigurationPlatforms) = preSolution
		Debug|Any CPU = Debug|Any CPU
		Release|Any CPU = Release|Any CPU
	EndGlobalSection
	GlobalSection(ProjectConfigurationPlatforms) = postSolution
		{4C02C4AF-9032-495B-997B-1D1CCB024C90}.Debug|Any CPU.ActiveCfg = Debug|Any CPU
		{4C02C4AF-9032-495B-997B-1D1CCB024C90}.Debug|Any CPU.Build.0 = Debug|Any CPU
		{4C02C4AF-9032-495B-997B-1D1CCB024C90}.Release|Any CPU.ActiveCfg = Release|Any CPU
		{4C02C4AF-9032-495B-997B-1D1CCB024C90}.Release|Any CPU.Build.0 = Release|Any CPU
	EndGlobalSection
	GlobalSection(SolutionProperties) = preSolution
		HideSolutionNode = FALSE
	EndGlobalSection
	GlobalSection(ExtensibilityGlobals) = postSolution
		SolutionGuid = {083F54FD-D400-48A5-BB0B-05D00C02A192}
	EndGlobalSection
EndGlobal
